version = 1
requires-python = ">=3.8"

[[package]]
name = "bhashabridge"
version = "0.1.0"
source = { editable = "." }

[[package]]
name = "flask"
version = "2.3.3"
source = { registry = "https://pypi.org/simple" }
dependencies = [
    { name = "blinker" },
    { name = "click" },
    { name = "itsdangerous" },
    { name = "jinja2" },
    { name = "werkzeug" },
]

[[package]]
name = "flask-cors"
version = "4.0.0"
source = { registry = "https://pypi.org/simple" }
dependencies = [
    { name = "flask" },
]

[[package]]
name = "transformers"
version = "4.35.2"
source = { registry = "https://pypi.org/simple" }
dependencies = [
    { name = "filelock" },
    { name = "huggingface-hub" },
    { name = "numpy" },
    { name = "packaging" },
    { name = "pyyaml" },
    { name = "regex" },
    { name = "requests" },
    { name = "safetensors" },
    { name = "tokenizers" },
    { name = "tqdm" },
]

[[package]]
name = "torch"
version = "2.1.1"
source = { registry = "https://pypi.org/simple" }
dependencies = [
    { name = "filelock" },
    { name = "fsspec" },
    { name = "jinja2" },
    { name = "networkx" },
    { name = "sympy" },
    { name = "typing-extensions" },
]

[[package]]
name = "torchaudio"
version = "2.1.1"
source = { registry = "https://pypi.org/simple" }
dependencies = [
    { name = "torch" },
]

[[package]]
name = "openai-whisper"
version = "20231117"
source = { registry = "https://pypi.org/simple" }
dependencies = [
    { name = "numba" },
    { name = "numpy" },
    { name = "torch" },
    { name = "tqdm" },
]

[[package]]
name = "librosa"
version = "0.10.1"
source = { registry = "https://pypi.org/simple" }
dependencies = [
    { name = "audioread" },
    { name = "decorator" },
    { name = "joblib" },
    { name = "lazy-loader" },
    { name = "msgpack" },
    { name = "numba" },
    { name = "numpy" },
    { name = "packaging" },
    { name = "pooch" },
    { name = "scikit-learn" },
    { name = "scipy" },
    { name = "soundfile" },
    { name = "soxr" },
    { name = "typing-extensions" },
]

[[package]]
name = "soundfile"
version = "0.12.1"
source = { registry = "https://pypi.org/simple" }
dependencies = [
    { name = "cffi" },
]

[[package]]
name = "numpy"
version = "1.24.4"
source = { registry = "https://pypi.org/simple" }

[[package]]
name = "requests"
version = "2.31.0"
source = { registry = "https://pypi.org/simple" }
dependencies = [
    { name = "certifi" },
    { name = "charset-normalizer" },
    { name = "idna" },
    { name = "urllib3" },
]

[[package]]
name = "python-dotenv"
version = "1.0.0"
source = { registry = "https://pypi.org/simple" }

# Additional common dependencies
[[package]]
name = "blinker"
version = "1.7.0"
source = { registry = "https://pypi.org/simple" }

[[package]]
name = "click"
version = "8.1.7"
source = { registry = "https://pypi.org/simple" }

[[package]]
name = "itsdangerous"
version = "2.1.2"
source = { registry = "https://pypi.org/simple" }

[[package]]
name = "jinja2"
version = "3.1.2"
source = { registry = "https://pypi.org/simple" }
dependencies = [
    { name = "markupsafe" },
]

[[package]]
name = "werkzeug"
version = "2.3.7"
source = { registry = "https://pypi.org/simple" }

[[package]]
name = "markupsafe"
version = "2.1.3"
source = { registry = "https://pypi.org/simple" }
